
Microsoft Visual Studio Solution File, Format Version 12.00
# Visual Studio Version 16
VisualStudioVersion = 16.0.32002.261
MinimumVisualStudioVersion = 10.0.40219.1
Project("{FAE04EC0-301F-11D3-BF4B-00C04F79EFBC}") = "IKnowEverything", "IKnowEverything\IKnowEverything.csproj", "{5B623D74-2E66-4529-9C72-B17347DB2F15}"
EndProject
Global
	GlobalSection(SolutionConfigurationPlatforms) = preSolution
		Debug|Any CPU = Debug|Any CPU
		Release|Any CPU = Release|Any CPU
	EndGlobalSection
	GlobalSection(ProjectConfigurationPlatforms) = postSolution
		{5B623D74-2E66-4529-9C72-B17347DB2F15}.Debug|Any CPU.ActiveCfg = Debug|Any CPU
		{5B623D74-2E66-4529-9C72-B17347DB2F15}.Debug|Any CPU.Build.0 = Debug|Any CPU
		{5B623D74-2E66-4529-9C72-B17347DB2F15}.Release|Any CPU.ActiveCfg = Release|Any CPU
		{5B623D74-2E66-4529-9C72-B17347DB2F15}.Release|Any CPU.Build.0 = Release|Any CPU
	EndGlobalSection
	GlobalSection(SolutionProperties) = preSolution
		HideSolutionNode = FALSE
	EndGlobalSection
	GlobalSection(ExtensibilityGlobals) = postSolution
		SolutionGuid = {34E33767-0F82-4598-936C-B97B10204A8B}
	EndGlobalSection
EndGlobal
