
Microsoft Visual Studio Solution File, Format Version 12.00
# Visual Studio Version 17
VisualStudioVersion = 17.5.33530.505
MinimumVisualStudioVersion = 10.0.40219.1
Project("{9A19103F-16F7-4668-BE54-9A1E7A4F7556}") = "DataParserAPI", "DataParserAPI\DataParserAPI.csproj", "{338A9BC4-4E7E-402B-9223-D7FC008C9311}"
EndProject
Project("{9A19103F-16F7-4668-BE54-9A1E7A4F7556}") = "DataParser2", "DataParser2\DataParser2.csproj", "{B8F29D2E-C312-4788-81EF-9A8C3F34439C}"
EndProject
Project("{9A19103F-16F7-4668-BE54-9A1E7A4F7556}") = "SupportLibrary", "SupportLibrary\SupportLibrary.csproj", "{72312DCD-5FC3-46B0-AB42-3A71D3049C08}"
EndProject
Project("{9A19103F-16F7-4668-BE54-9A1E7A4F7556}") = "WebAPI", "WebAPI\WebAPI.csproj", "{41E0D435-5D13-45A3-9A97-EB65BDC2D015}"
EndProject
Project("{9A19103F-16F7-4668-BE54-9A1E7A4F7556}") = "DataParserWPF_Test", "DataParserWPF_Test\DataParserWPF_Test.csproj", "{C9CF75D4-FBA1-4F2C-826E-EF17E8A8F972}"
EndProject
Project("{9A19103F-16F7-4668-BE54-9A1E7A4F7556}") = "Cooker", "Cooker\Cooker.csproj", "{265014A4-28E5-4FB4-AACC-DB9F81894EFF}"
EndProject
Project("{9A19103F-16F7-4668-BE54-9A1E7A4F7556}") = "DeliveryServiceAPI.IntegrationTests", "DeliveryServiceAPI.IntegrationTests\DeliveryServiceAPI.IntegrationTests.csproj", "{084C548E-E747-42EE-9386-5C0247870F17}"
EndProject
Project("{2150E333-8FDC-42A3-9474-1A3956D46DE8}") = "Monitoring", "Monitoring", "{0F5B0E87-2ED5-4B0D-8AC3-F75311C187FD}"
EndProject
Project("{2150E333-8FDC-42A3-9474-1A3956D46DE8}") = "Services", "Services", "{AC673CDC-D0ED-45EE-AF08-9DF9F594A2E3}"
EndProject
Project("{9A19103F-16F7-4668-BE54-9A1E7A4F7556}") = "SHOP.DatabaseService", "SHOP.DatabaseService\SHOP.DatabaseService.csproj", "{071858FB-754A-412D-826F-FA194B795F08}"
EndProject
Project("{9A19103F-16F7-4668-BE54-9A1E7A4F7556}") = "SHOP.SmsService", "SHOP.SmsService\SHOP.SmsService.csproj", "{65C4FD77-6AD6-41FF-B8F2-AF95DF1E42FE}"
EndProject
Project("{9A19103F-16F7-4668-BE54-9A1E7A4F7556}") = "AspWithReact", "AspWithReact\AspWithReact.csproj", "{4971CBF7-B8CF-4C48-97C2-19872F708762}"
EndProject
Project("{2150E333-8FDC-42A3-9474-1A3956D46DE8}") = "BackgroundTasks", "BackgroundTasks", "{8FEFB15B-D5DE-479F-B6DA-5365244E5882}"
EndProject
Project("{9A19103F-16F7-4668-BE54-9A1E7A4F7556}") = "AllHostedService", "AllHostedService\AllHostedService.csproj", "{92A114D8-1A79-4C1D-AC97-22DFD8A422E1}"
EndProject
Project("{9A19103F-16F7-4668-BE54-9A1E7A4F7556}") = "HangfireAPI", "HangfireAPI\HangfireAPI.csproj", "{194F6D40-74CD-453F-A6E1-6F03FE9D3313}"
EndProject
Project("{2150E333-8FDC-42A3-9474-1A3956D46DE8}") = "AdvancedLearning", "AdvancedLearning", "{AF90809E-B287-496F-A430-4B30D248E5DE}"
EndProject
Project("{9A19103F-16F7-4668-BE54-9A1E7A4F7556}") = "SchoolHRAdministration", "SchoolHRAdministration\SchoolHRAdministration.csproj", "{8DBE5097-CF8C-4778-979B-2162991226D4}"
EndProject
Project("{9A19103F-16F7-4668-BE54-9A1E7A4F7556}") = "HRAdministrationAPI", "HRAdministrationAPI\HRAdministrationAPI.csproj", "{9D029636-E2F1-48B6-9B97-E3DD47EAFCB7}"
EndProject
Project("{9A19103F-16F7-4668-BE54-9A1E7A4F7556}") = "AdvancedDelegates", "AdvancedDelegates\AdvancedDelegates.csproj", "{DE272038-26B8-48EC-A928-667E0CA47C58}"
EndProject
Project("{2150E333-8FDC-42A3-9474-1A3956D46DE8}") = "Libraries", "Libraries", "{84BC9BED-88B7-4168-8EDE-6D26F6B2CDA7}"
EndProject
Project("{9A19103F-16F7-4668-BE54-9A1E7A4F7556}") = "FieldValidatorAPI", "FieldValidatorAPI\FieldValidatorAPI.csproj", "{32269AB4-7CC6-4FCF-B2A6-A1EEEA539C6E}"
EndProject
Project("{9A19103F-16F7-4668-BE54-9A1E7A4F7556}") = "ClanMembersApp", "ClanMembersApp\ClanMembersApp.csproj", "{A529BFCB-DEC9-4C8A-828E-9CCE8D668F2B}"
EndProject
Global
	GlobalSection(SolutionConfigurationPlatforms) = preSolution
		Debug|Any CPU = Debug|Any CPU
		Release|Any CPU = Release|Any CPU
	EndGlobalSection
	GlobalSection(ProjectConfigurationPlatforms) = postSolution
		{338A9BC4-4E7E-402B-9223-D7FC008C9311}.Debug|Any CPU.ActiveCfg = Debug|Any CPU
		{338A9BC4-4E7E-402B-9223-D7FC008C9311}.Release|Any CPU.ActiveCfg = Release|Any CPU
		{338A9BC4-4E7E-402B-9223-D7FC008C9311}.Release|Any CPU.Build.0 = Release|Any CPU
		{B8F29D2E-C312-4788-81EF-9A8C3F34439C}.Debug|Any CPU.ActiveCfg = Debug|Any CPU
		{B8F29D2E-C312-4788-81EF-9A8C3F34439C}.Release|Any CPU.ActiveCfg = Release|Any CPU
		{B8F29D2E-C312-4788-81EF-9A8C3F34439C}.Release|Any CPU.Build.0 = Release|Any CPU
		{72312DCD-5FC3-46B0-AB42-3A71D3049C08}.Debug|Any CPU.ActiveCfg = Debug|Any CPU
		{72312DCD-5FC3-46B0-AB42-3A71D3049C08}.Release|Any CPU.ActiveCfg = Release|Any CPU
		{72312DCD-5FC3-46B0-AB42-3A71D3049C08}.Release|Any CPU.Build.0 = Release|Any CPU
		{41E0D435-5D13-45A3-9A97-EB65BDC2D015}.Debug|Any CPU.ActiveCfg = Debug|Any CPU
		{41E0D435-5D13-45A3-9A97-EB65BDC2D015}.Release|Any CPU.ActiveCfg = Release|Any CPU
		{41E0D435-5D13-45A3-9A97-EB65BDC2D015}.Release|Any CPU.Build.0 = Release|Any CPU
		{C9CF75D4-FBA1-4F2C-826E-EF17E8A8F972}.Debug|Any CPU.ActiveCfg = Debug|Any CPU
		{C9CF75D4-FBA1-4F2C-826E-EF17E8A8F972}.Release|Any CPU.ActiveCfg = Release|Any CPU
		{C9CF75D4-FBA1-4F2C-826E-EF17E8A8F972}.Release|Any CPU.Build.0 = Release|Any CPU
		{265014A4-28E5-4FB4-AACC-DB9F81894EFF}.Debug|Any CPU.ActiveCfg = Debug|Any CPU
		{265014A4-28E5-4FB4-AACC-DB9F81894EFF}.Release|Any CPU.ActiveCfg = Release|Any CPU
		{265014A4-28E5-4FB4-AACC-DB9F81894EFF}.Release|Any CPU.Build.0 = Release|Any CPU
		{084C548E-E747-42EE-9386-5C0247870F17}.Debug|Any CPU.ActiveCfg = Debug|Any CPU
		{084C548E-E747-42EE-9386-5C0247870F17}.Release|Any CPU.ActiveCfg = Release|Any CPU
		{084C548E-E747-42EE-9386-5C0247870F17}.Release|Any CPU.Build.0 = Release|Any CPU
		{071858FB-754A-412D-826F-FA194B795F08}.Debug|Any CPU.ActiveCfg = Debug|Any CPU
		{071858FB-754A-412D-826F-FA194B795F08}.Release|Any CPU.ActiveCfg = Release|Any CPU
		{071858FB-754A-412D-826F-FA194B795F08}.Release|Any CPU.Build.0 = Release|Any CPU
		{65C4FD77-6AD6-41FF-B8F2-AF95DF1E42FE}.Debug|Any CPU.ActiveCfg = Debug|Any CPU
		{65C4FD77-6AD6-41FF-B8F2-AF95DF1E42FE}.Release|Any CPU.ActiveCfg = Release|Any CPU
		{65C4FD77-6AD6-41FF-B8F2-AF95DF1E42FE}.Release|Any CPU.Build.0 = Release|Any CPU
		{4971CBF7-B8CF-4C48-97C2-19872F708762}.Debug|Any CPU.ActiveCfg = Debug|Any CPU
		{4971CBF7-B8CF-4C48-97C2-19872F708762}.Release|Any CPU.ActiveCfg = Release|Any CPU
		{4971CBF7-B8CF-4C48-97C2-19872F708762}.Release|Any CPU.Build.0 = Release|Any CPU
		{92A114D8-1A79-4C1D-AC97-22DFD8A422E1}.Debug|Any CPU.ActiveCfg = Debug|Any CPU
		{92A114D8-1A79-4C1D-AC97-22DFD8A422E1}.Release|Any CPU.ActiveCfg = Release|Any CPU
		{92A114D8-1A79-4C1D-AC97-22DFD8A422E1}.Release|Any CPU.Build.0 = Release|Any CPU
		{194F6D40-74CD-453F-A6E1-6F03FE9D3313}.Debug|Any CPU.ActiveCfg = Debug|Any CPU
		{194F6D40-74CD-453F-A6E1-6F03FE9D3313}.Release|Any CPU.ActiveCfg = Release|Any CPU
		{194F6D40-74CD-453F-A6E1-6F03FE9D3313}.Release|Any CPU.Build.0 = Release|Any CPU
		{8DBE5097-CF8C-4778-979B-2162991226D4}.Debug|Any CPU.ActiveCfg = Debug|Any CPU
		{8DBE5097-CF8C-4778-979B-2162991226D4}.Release|Any CPU.ActiveCfg = Release|Any CPU
		{8DBE5097-CF8C-4778-979B-2162991226D4}.Release|Any CPU.Build.0 = Release|Any CPU
		{9D029636-E2F1-48B6-9B97-E3DD47EAFCB7}.Debug|Any CPU.ActiveCfg = Debug|Any CPU
		{9D029636-E2F1-48B6-9B97-E3DD47EAFCB7}.Release|Any CPU.ActiveCfg = Release|Any CPU
		{9D029636-E2F1-48B6-9B97-E3DD47EAFCB7}.Release|Any CPU.Build.0 = Release|Any CPU
		{DE272038-26B8-48EC-A928-667E0CA47C58}.Debug|Any CPU.ActiveCfg = Debug|Any CPU
		{DE272038-26B8-48EC-A928-667E0CA47C58}.Release|Any CPU.ActiveCfg = Release|Any CPU
		{DE272038-26B8-48EC-A928-667E0CA47C58}.Release|Any CPU.Build.0 = Release|Any CPU
		{32269AB4-7CC6-4FCF-B2A6-A1EEEA539C6E}.Debug|Any CPU.ActiveCfg = Debug|Any CPU
		{32269AB4-7CC6-4FCF-B2A6-A1EEEA539C6E}.Release|Any CPU.ActiveCfg = Release|Any CPU
		{32269AB4-7CC6-4FCF-B2A6-A1EEEA539C6E}.Release|Any CPU.Build.0 = Release|Any CPU
		{A529BFCB-DEC9-4C8A-828E-9CCE8D668F2B}.Debug|Any CPU.ActiveCfg = Debug|Any CPU
		{A529BFCB-DEC9-4C8A-828E-9CCE8D668F2B}.Debug|Any CPU.Build.0 = Debug|Any CPU
		{A529BFCB-DEC9-4C8A-828E-9CCE8D668F2B}.Release|Any CPU.ActiveCfg = Release|Any CPU
		{A529BFCB-DEC9-4C8A-828E-9CCE8D668F2B}.Release|Any CPU.Build.0 = Release|Any CPU
	EndGlobalSection
	GlobalSection(SolutionProperties) = preSolution
		HideSolutionNode = FALSE
	EndGlobalSection
	GlobalSection(NestedProjects) = preSolution
		{41E0D435-5D13-45A3-9A97-EB65BDC2D015} = {0F5B0E87-2ED5-4B0D-8AC3-F75311C187FD}
		{071858FB-754A-412D-826F-FA194B795F08} = {AC673CDC-D0ED-45EE-AF08-9DF9F594A2E3}
		{65C4FD77-6AD6-41FF-B8F2-AF95DF1E42FE} = {AC673CDC-D0ED-45EE-AF08-9DF9F594A2E3}
		{92A114D8-1A79-4C1D-AC97-22DFD8A422E1} = {8FEFB15B-D5DE-479F-B6DA-5365244E5882}
		{194F6D40-74CD-453F-A6E1-6F03FE9D3313} = {8FEFB15B-D5DE-479F-B6DA-5365244E5882}
		{8DBE5097-CF8C-4778-979B-2162991226D4} = {AF90809E-B287-496F-A430-4B30D248E5DE}
		{9D029636-E2F1-48B6-9B97-E3DD47EAFCB7} = {AF90809E-B287-496F-A430-4B30D248E5DE}
		{DE272038-26B8-48EC-A928-667E0CA47C58} = {AF90809E-B287-496F-A430-4B30D248E5DE}
		{84BC9BED-88B7-4168-8EDE-6D26F6B2CDA7} = {AF90809E-B287-496F-A430-4B30D248E5DE}
		{32269AB4-7CC6-4FCF-B2A6-A1EEEA539C6E} = {84BC9BED-88B7-4168-8EDE-6D26F6B2CDA7}
		{A529BFCB-DEC9-4C8A-828E-9CCE8D668F2B} = {84BC9BED-88B7-4168-8EDE-6D26F6B2CDA7}
	EndGlobalSection
	GlobalSection(ExtensibilityGlobals) = postSolution
		SolutionGuid = {6A4A9070-08EB-4694-9C5F-7BAD8B5313D2}
	EndGlobalSection
EndGlobal
