
Microsoft Visual Studio Solution File, Format Version 12.00
# Visual Studio Version 17
VisualStudioVersion = 17.5.33530.505
MinimumVisualStudioVersion = 10.0.40219.1
Project("{9A19103F-16F7-4668-BE54-9A1E7A4F7556}") = "DataParserAPI", "DataParserAPI\DataParserAPI.csproj", "{338A9BC4-4E7E-402B-9223-D7FC008C9311}"
EndProject
Project("{9A19103F-16F7-4668-BE54-9A1E7A4F7556}") = "DataParser2", "DataParser2\DataParser2.csproj", "{B8F29D2E-C312-4788-81EF-9A8C3F34439C}"
EndProject
Project("{9A19103F-16F7-4668-BE54-9A1E7A4F7556}") = "SupportLibrary", "SupportLibrary\SupportLibrary.csproj", "{72312DCD-5FC3-46B0-AB42-3A71D3049C08}"
EndProject
Project("{9A19103F-16F7-4668-BE54-9A1E7A4F7556}") = "WebAPI", "WebAPI\WebAPI.csproj", "{41E0D435-5D13-45A3-9A97-EB65BDC2D015}"
EndProject
Project("{9A19103F-16F7-4668-BE54-9A1E7A4F7556}") = "DataParserWPF_Test", "DataParserWPF_Test\DataParserWPF_Test.csproj", "{C9CF75D4-FBA1-4F2C-826E-EF17E8A8F972}"
EndProject
Project("{9A19103F-16F7-4668-BE54-9A1E7A4F7556}") = "Cooker", "Cooker\Cooker.csproj", "{265014A4-28E5-4FB4-AACC-DB9F81894EFF}"
EndProject
Project("{FAE04EC0-301F-11D3-BF4B-00C04F79EFBC}") = "DeliveryServiceAPI.IntegrationTests", "DeliveryServiceAPI.IntegrationTests\DeliveryServiceAPI.IntegrationTests.csproj", "{084C548E-E747-42EE-9386-5C0247870F17}"
EndProject
Global
	GlobalSection(SolutionConfigurationPlatforms) = preSolution
		Debug|Any CPU = Debug|Any CPU
		Release|Any CPU = Release|Any CPU
	EndGlobalSection
	GlobalSection(ProjectConfigurationPlatforms) = postSolution
		{338A9BC4-4E7E-402B-9223-D7FC008C9311}.Debug|Any CPU.ActiveCfg = Debug|Any CPU
		{338A9BC4-4E7E-402B-9223-D7FC008C9311}.Debug|Any CPU.Build.0 = Debug|Any CPU
		{338A9BC4-4E7E-402B-9223-D7FC008C9311}.Release|Any CPU.ActiveCfg = Release|Any CPU
		{338A9BC4-4E7E-402B-9223-D7FC008C9311}.Release|Any CPU.Build.0 = Release|Any CPU
		{B8F29D2E-C312-4788-81EF-9A8C3F34439C}.Debug|Any CPU.ActiveCfg = Debug|Any CPU
		{B8F29D2E-C312-4788-81EF-9A8C3F34439C}.Debug|Any CPU.Build.0 = Debug|Any CPU
		{B8F29D2E-C312-4788-81EF-9A8C3F34439C}.Release|Any CPU.ActiveCfg = Release|Any CPU
		{B8F29D2E-C312-4788-81EF-9A8C3F34439C}.Release|Any CPU.Build.0 = Release|Any CPU
		{72312DCD-5FC3-46B0-AB42-3A71D3049C08}.Debug|Any CPU.ActiveCfg = Debug|Any CPU
		{72312DCD-5FC3-46B0-AB42-3A71D3049C08}.Debug|Any CPU.Build.0 = Debug|Any CPU
		{72312DCD-5FC3-46B0-AB42-3A71D3049C08}.Release|Any CPU.ActiveCfg = Release|Any CPU
		{72312DCD-5FC3-46B0-AB42-3A71D3049C08}.Release|Any CPU.Build.0 = Release|Any CPU
		{41E0D435-5D13-45A3-9A97-EB65BDC2D015}.Debug|Any CPU.ActiveCfg = Debug|Any CPU
		{41E0D435-5D13-45A3-9A97-EB65BDC2D015}.Debug|Any CPU.Build.0 = Debug|Any CPU
		{41E0D435-5D13-45A3-9A97-EB65BDC2D015}.Release|Any CPU.ActiveCfg = Release|Any CPU
		{41E0D435-5D13-45A3-9A97-EB65BDC2D015}.Release|Any CPU.Build.0 = Release|Any CPU
		{C9CF75D4-FBA1-4F2C-826E-EF17E8A8F972}.Debug|Any CPU.ActiveCfg = Debug|Any CPU
		{C9CF75D4-FBA1-4F2C-826E-EF17E8A8F972}.Debug|Any CPU.Build.0 = Debug|Any CPU
		{C9CF75D4-FBA1-4F2C-826E-EF17E8A8F972}.Release|Any CPU.ActiveCfg = Release|Any CPU
		{C9CF75D4-FBA1-4F2C-826E-EF17E8A8F972}.Release|Any CPU.Build.0 = Release|Any CPU
		{265014A4-28E5-4FB4-AACC-DB9F81894EFF}.Debug|Any CPU.ActiveCfg = Debug|Any CPU
		{265014A4-28E5-4FB4-AACC-DB9F81894EFF}.Debug|Any CPU.Build.0 = Debug|Any CPU
		{265014A4-28E5-4FB4-AACC-DB9F81894EFF}.Release|Any CPU.ActiveCfg = Release|Any CPU
		{265014A4-28E5-4FB4-AACC-DB9F81894EFF}.Release|Any CPU.Build.0 = Release|Any CPU
		{084C548E-E747-42EE-9386-5C0247870F17}.Debug|Any CPU.ActiveCfg = Debug|Any CPU
		{084C548E-E747-42EE-9386-5C0247870F17}.Debug|Any CPU.Build.0 = Debug|Any CPU
		{084C548E-E747-42EE-9386-5C0247870F17}.Release|Any CPU.ActiveCfg = Release|Any CPU
		{084C548E-E747-42EE-9386-5C0247870F17}.Release|Any CPU.Build.0 = Release|Any CPU
	EndGlobalSection
	GlobalSection(SolutionProperties) = preSolution
		HideSolutionNode = FALSE
	EndGlobalSection
	GlobalSection(ExtensibilityGlobals) = postSolution
		SolutionGuid = {6A4A9070-08EB-4694-9C5F-7BAD8B5313D2}
	EndGlobalSection
EndGlobal
