
Microsoft Visual Studio Solution File, Format Version 12.00
# Visual Studio Version 17
VisualStudioVersion = 17.4.33122.133
MinimumVisualStudioVersion = 10.0.40219.1
Project("{9A19103F-16F7-4668-BE54-9A1E7A4F7556}") = "WPFMVVMExcusesApp", "WPFMVVMExcusesApp\WPFMVVMExcusesApp.csproj", "{7C2593E2-7B31-4424-AB9C-9A8EA6EBEF9D}"
EndProject
Project("{9A19103F-16F7-4668-BE54-9A1E7A4F7556}") = "FileExplorerMVVM", "FileExplorerMVVM\FileExplorerMVVM.csproj", "{2F509D2E-3832-4F1F-A680-5232BADEEB2D}"
EndProject
Project("{FAE04EC0-301F-11D3-BF4B-00C04F79EFBC}") = "CustomControllersPractice", "CustomControllersPractice\CustomControllersPractice.csproj", "{1F6C1F3E-87FE-424A-BAE7-91EA2EDCC137}"
EndProject
Project("{9A19103F-16F7-4668-BE54-9A1E7A4F7556}") = "DelegatesAndEvents", "DelegatesAndEvents\DelegatesAndEvents.csproj", "{553F1B04-89C7-4472-8D4B-4C94CC5B96F8}"
EndProject
Project("{9A19103F-16F7-4668-BE54-9A1E7A4F7556}") = "UploadFilesApp", "UploadFilesApp\UploadFilesApp.csproj", "{E743D8F0-9F08-4B8D-A583-6730F07C3E8A}"
EndProject
Project("{9A19103F-16F7-4668-BE54-9A1E7A4F7556}") = "UploadFilesLibrary", "UploadFilesLibrary\UploadFilesLibrary.csproj", "{A865C5D8-0A04-4794-868D-6263299BE837}"
EndProject
Global
	GlobalSection(SolutionConfigurationPlatforms) = preSolution
		Debug|Any CPU = Debug|Any CPU
		Release|Any CPU = Release|Any CPU
	EndGlobalSection
	GlobalSection(ProjectConfigurationPlatforms) = postSolution
		{7C2593E2-7B31-4424-AB9C-9A8EA6EBEF9D}.Debug|Any CPU.ActiveCfg = Debug|Any CPU
		{7C2593E2-7B31-4424-AB9C-9A8EA6EBEF9D}.Debug|Any CPU.Build.0 = Debug|Any CPU
		{7C2593E2-7B31-4424-AB9C-9A8EA6EBEF9D}.Release|Any CPU.ActiveCfg = Release|Any CPU
		{7C2593E2-7B31-4424-AB9C-9A8EA6EBEF9D}.Release|Any CPU.Build.0 = Release|Any CPU
		{2F509D2E-3832-4F1F-A680-5232BADEEB2D}.Debug|Any CPU.ActiveCfg = Debug|Any CPU
		{2F509D2E-3832-4F1F-A680-5232BADEEB2D}.Debug|Any CPU.Build.0 = Debug|Any CPU
		{2F509D2E-3832-4F1F-A680-5232BADEEB2D}.Release|Any CPU.ActiveCfg = Release|Any CPU
		{2F509D2E-3832-4F1F-A680-5232BADEEB2D}.Release|Any CPU.Build.0 = Release|Any CPU
		{1F6C1F3E-87FE-424A-BAE7-91EA2EDCC137}.Debug|Any CPU.ActiveCfg = Debug|Any CPU
		{1F6C1F3E-87FE-424A-BAE7-91EA2EDCC137}.Debug|Any CPU.Build.0 = Debug|Any CPU
		{1F6C1F3E-87FE-424A-BAE7-91EA2EDCC137}.Release|Any CPU.ActiveCfg = Release|Any CPU
		{1F6C1F3E-87FE-424A-BAE7-91EA2EDCC137}.Release|Any CPU.Build.0 = Release|Any CPU
		{553F1B04-89C7-4472-8D4B-4C94CC5B96F8}.Debug|Any CPU.ActiveCfg = Debug|Any CPU
		{553F1B04-89C7-4472-8D4B-4C94CC5B96F8}.Debug|Any CPU.Build.0 = Debug|Any CPU
		{553F1B04-89C7-4472-8D4B-4C94CC5B96F8}.Release|Any CPU.ActiveCfg = Release|Any CPU
		{553F1B04-89C7-4472-8D4B-4C94CC5B96F8}.Release|Any CPU.Build.0 = Release|Any CPU
		{E743D8F0-9F08-4B8D-A583-6730F07C3E8A}.Debug|Any CPU.ActiveCfg = Debug|Any CPU
		{E743D8F0-9F08-4B8D-A583-6730F07C3E8A}.Debug|Any CPU.Build.0 = Debug|Any CPU
		{E743D8F0-9F08-4B8D-A583-6730F07C3E8A}.Release|Any CPU.ActiveCfg = Release|Any CPU
		{E743D8F0-9F08-4B8D-A583-6730F07C3E8A}.Release|Any CPU.Build.0 = Release|Any CPU
		{A865C5D8-0A04-4794-868D-6263299BE837}.Debug|Any CPU.ActiveCfg = Debug|Any CPU
		{A865C5D8-0A04-4794-868D-6263299BE837}.Debug|Any CPU.Build.0 = Debug|Any CPU
		{A865C5D8-0A04-4794-868D-6263299BE837}.Release|Any CPU.ActiveCfg = Release|Any CPU
		{A865C5D8-0A04-4794-868D-6263299BE837}.Release|Any CPU.Build.0 = Release|Any CPU
	EndGlobalSection
	GlobalSection(SolutionProperties) = preSolution
		HideSolutionNode = FALSE
	EndGlobalSection
	GlobalSection(ExtensibilityGlobals) = postSolution
		SolutionGuid = {2850A230-9CF5-4B07-B94B-57B335A892F6}
	EndGlobalSection
EndGlobal
